
Microsoft Visual Studio Solution File, Format Version 12.00
# TcXaeShell Solution File, Format Version 11.00
VisualStudioVersion = 15.0.28010.2050
MinimumVisualStudioVersion = 10.0.40219.1
Project("{B1E792BE-AA5F-4E3C-8C82-674BF9C0715B}") = "lcls-plc-fms-test", "..\Documents\TcXaeShell\TwinCAT Project1\TwinCAT Project1\lcls-plc-fms-test.tsproj", "{45E2D150-9C12-4DBA-8B70-BA0F35EE0ECC}"
EndProject
Global
	GlobalSection(SolutionConfigurationPlatforms) = preSolution
		Debug|TwinCAT CE7 (ARMV7) = Debug|TwinCAT CE7 (ARMV7)
		Debug|TwinCAT OS (ARMT2) = Debug|TwinCAT OS (ARMT2)
		Debug|TwinCAT RT (x64) = Debug|TwinCAT RT (x64)
		Debug|TwinCAT RT (x86) = Debug|TwinCAT RT (x86)
		Release|TwinCAT CE7 (ARMV7) = Release|TwinCAT CE7 (ARMV7)
		Release|TwinCAT OS (ARMT2) = Release|TwinCAT OS (ARMT2)
		Release|TwinCAT RT (x64) = Release|TwinCAT RT (x64)
		Release|TwinCAT RT (x86) = Release|TwinCAT RT (x86)
	EndGlobalSection
	GlobalSection(ProjectConfigurationPlatforms) = postSolution
		{45E2D150-9C12-4DBA-8B70-BA0F35EE0ECC}.Debug|TwinCAT CE7 (ARMV7).ActiveCfg = Debug|TwinCAT CE7 (ARMV7)
		{45E2D150-9C12-4DBA-8B70-BA0F35EE0ECC}.Debug|TwinCAT CE7 (ARMV7).Build.0 = Debug|TwinCAT CE7 (ARMV7)
		{45E2D150-9C12-4DBA-8B70-BA0F35EE0ECC}.Debug|TwinCAT OS (ARMT2).ActiveCfg = Debug|TwinCAT OS (ARMT2)
		{45E2D150-9C12-4DBA-8B70-BA0F35EE0ECC}.Debug|TwinCAT OS (ARMT2).Build.0 = Debug|TwinCAT OS (ARMT2)
		{45E2D150-9C12-4DBA-8B70-BA0F35EE0ECC}.Debug|TwinCAT RT (x64).ActiveCfg = Debug|TwinCAT RT (x64)
		{45E2D150-9C12-4DBA-8B70-BA0F35EE0ECC}.Debug|TwinCAT RT (x64).Build.0 = Debug|TwinCAT RT (x64)
		{45E2D150-9C12-4DBA-8B70-BA0F35EE0ECC}.Debug|TwinCAT RT (x86).ActiveCfg = Debug|TwinCAT RT (x86)
		{45E2D150-9C12-4DBA-8B70-BA0F35EE0ECC}.Debug|TwinCAT RT (x86).Build.0 = Debug|TwinCAT RT (x86)
		{45E2D150-9C12-4DBA-8B70-BA0F35EE0ECC}.Release|TwinCAT CE7 (ARMV7).ActiveCfg = Release|TwinCAT CE7 (ARMV7)
		{45E2D150-9C12-4DBA-8B70-BA0F35EE0ECC}.Release|TwinCAT CE7 (ARMV7).Build.0 = Release|TwinCAT CE7 (ARMV7)
		{45E2D150-9C12-4DBA-8B70-BA0F35EE0ECC}.Release|TwinCAT OS (ARMT2).ActiveCfg = Release|TwinCAT OS (ARMT2)
		{45E2D150-9C12-4DBA-8B70-BA0F35EE0ECC}.Release|TwinCAT OS (ARMT2).Build.0 = Release|TwinCAT OS (ARMT2)
		{45E2D150-9C12-4DBA-8B70-BA0F35EE0ECC}.Release|TwinCAT RT (x64).ActiveCfg = Release|TwinCAT RT (x64)
		{45E2D150-9C12-4DBA-8B70-BA0F35EE0ECC}.Release|TwinCAT RT (x64).Build.0 = Release|TwinCAT RT (x64)
		{45E2D150-9C12-4DBA-8B70-BA0F35EE0ECC}.Release|TwinCAT RT (x86).ActiveCfg = Release|TwinCAT RT (x86)
		{45E2D150-9C12-4DBA-8B70-BA0F35EE0ECC}.Release|TwinCAT RT (x86).Build.0 = Release|TwinCAT RT (x86)
		{209A3802-5C5A-4586-A5B1-99977DD1C826}.Debug|TwinCAT CE7 (ARMV7).ActiveCfg = Debug|TwinCAT CE7 (ARMV7)
		{209A3802-5C5A-4586-A5B1-99977DD1C826}.Debug|TwinCAT CE7 (ARMV7).Build.0 = Debug|TwinCAT CE7 (ARMV7)
		{209A3802-5C5A-4586-A5B1-99977DD1C826}.Debug|TwinCAT OS (ARMT2).ActiveCfg = Debug|TwinCAT OS (ARMT2)
		{209A3802-5C5A-4586-A5B1-99977DD1C826}.Debug|TwinCAT OS (ARMT2).Build.0 = Debug|TwinCAT OS (ARMT2)
		{209A3802-5C5A-4586-A5B1-99977DD1C826}.Debug|TwinCAT RT (x64).ActiveCfg = Debug|TwinCAT RT (x64)
		{209A3802-5C5A-4586-A5B1-99977DD1C826}.Debug|TwinCAT RT (x64).Build.0 = Debug|TwinCAT RT (x64)
		{209A3802-5C5A-4586-A5B1-99977DD1C826}.Debug|TwinCAT RT (x86).ActiveCfg = Debug|TwinCAT RT (x86)
		{209A3802-5C5A-4586-A5B1-99977DD1C826}.Debug|TwinCAT RT (x86).Build.0 = Debug|TwinCAT RT (x86)
		{209A3802-5C5A-4586-A5B1-99977DD1C826}.Release|TwinCAT CE7 (ARMV7).ActiveCfg = Release|TwinCAT CE7 (ARMV7)
		{209A3802-5C5A-4586-A5B1-99977DD1C826}.Release|TwinCAT CE7 (ARMV7).Build.0 = Release|TwinCAT CE7 (ARMV7)
		{209A3802-5C5A-4586-A5B1-99977DD1C826}.Release|TwinCAT OS (ARMT2).ActiveCfg = Release|TwinCAT OS (ARMT2)
		{209A3802-5C5A-4586-A5B1-99977DD1C826}.Release|TwinCAT OS (ARMT2).Build.0 = Release|TwinCAT OS (ARMT2)
		{209A3802-5C5A-4586-A5B1-99977DD1C826}.Release|TwinCAT RT (x64).ActiveCfg = Release|TwinCAT RT (x64)
		{209A3802-5C5A-4586-A5B1-99977DD1C826}.Release|TwinCAT RT (x64).Build.0 = Release|TwinCAT RT (x64)
		{209A3802-5C5A-4586-A5B1-99977DD1C826}.Release|TwinCAT RT (x86).ActiveCfg = Release|TwinCAT RT (x86)
		{209A3802-5C5A-4586-A5B1-99977DD1C826}.Release|TwinCAT RT (x86).Build.0 = Release|TwinCAT RT (x86)
	EndGlobalSection
	GlobalSection(SolutionProperties) = preSolution
		HideSolutionNode = FALSE
	EndGlobalSection
	GlobalSection(ExtensibilityGlobals) = postSolution
		SolutionGuid = {A17D29A5-EF44-4A5F-BDA9-595750A4E075}
	EndGlobalSection
EndGlobal
